
Microsoft Visual Studio Solution File, Format Version 12.00
# Visual Studio Version 17
VisualStudioVersion = 17.8.34112.27
MinimumVisualStudioVersion = 10.0.40219.1
Project("{9A19103F-16F7-4668-BE54-9A1E7A4F7556}") = "Bracket", "Bracket\Bracket.csproj", "{472A6970-7ED0-4BB0-B977-6D98600C965B}"
EndProject
Project("{9A19103F-16F7-4668-BE54-9A1E7A4F7556}") = "Tests", "Tests\Tests.csproj", "{3BB6FBAB-F259-4D99-A2D6-7C793D0FD571}"
EndProject
Global
	GlobalSection(SolutionConfigurationPlatforms) = preSolution
		Debug|Any CPU = Debug|Any CPU
		Release|Any CPU = Release|Any CPU
	EndGlobalSection
	GlobalSection(ProjectConfigurationPlatforms) = postSolution
		{472A6970-7ED0-4BB0-B977-6D98600C965B}.Debug|Any CPU.ActiveCfg = Debug|Any CPU
		{472A6970-7ED0-4BB0-B977-6D98600C965B}.Debug|Any CPU.Build.0 = Debug|Any CPU
		{472A6970-7ED0-4BB0-B977-6D98600C965B}.Release|Any CPU.ActiveCfg = Release|Any CPU
		{472A6970-7ED0-4BB0-B977-6D98600C965B}.Release|Any CPU.Build.0 = Release|Any CPU
		{3BB6FBAB-F259-4D99-A2D6-7C793D0FD571}.Debug|Any CPU.ActiveCfg = Debug|Any CPU
		{3BB6FBAB-F259-4D99-A2D6-7C793D0FD571}.Debug|Any CPU.Build.0 = Debug|Any CPU
		{3BB6FBAB-F259-4D99-A2D6-7C793D0FD571}.Release|Any CPU.ActiveCfg = Release|Any CPU
		{3BB6FBAB-F259-4D99-A2D6-7C793D0FD571}.Release|Any CPU.Build.0 = Release|Any CPU
	EndGlobalSection
	GlobalSection(SolutionProperties) = preSolution
		HideSolutionNode = FALSE
	EndGlobalSection
	GlobalSection(ExtensibilityGlobals) = postSolution
		SolutionGuid = {F9B742DB-FF1A-4F0F-970C-B658903DB070}
	EndGlobalSection
EndGlobal
